Microsoft Visual Studio Solution File, Format Version 12.00
# Visual Studio 2012
Project("{FAE04EC0-301F-11D3-BF4B-00C04F79EFBC}") = "Signal Creek", "Signal Creek.csproj", "{D333277C-0E8C-4ECD-BF77-0E9CB8277506}"
EndProject
Global
	GlobalSection(SolutionConfigurationPlatforms) = preSolution
	Debug|Any CPU = Debug|Any CPU
	ExportDebug|Any CPU = ExportDebug|Any CPU
	ExportRelease|Any CPU = ExportRelease|Any CPU
	EndGlobalSection
	GlobalSection(ProjectConfigurationPlatforms) = postSolution
		{D333277C-0E8C-4ECD-BF77-0E9CB8277506}.Debug|Any CPU.ActiveCfg = Debug|Any CPU
		{D333277C-0E8C-4ECD-BF77-0E9CB8277506}.Debug|Any CPU.Build.0 = Debug|Any CPU
		{D333277C-0E8C-4ECD-BF77-0E9CB8277506}.ExportDebug|Any CPU.ActiveCfg = ExportDebug|Any CPU
		{D333277C-0E8C-4ECD-BF77-0E9CB8277506}.ExportDebug|Any CPU.Build.0 = ExportDebug|Any CPU
		{D333277C-0E8C-4ECD-BF77-0E9CB8277506}.ExportRelease|Any CPU.ActiveCfg = ExportRelease|Any CPU
		{D333277C-0E8C-4ECD-BF77-0E9CB8277506}.ExportRelease|Any CPU.Build.0 = ExportRelease|Any CPU
	EndGlobalSection
EndGlobal
